
Microsoft Visual Studio Solution File, Format Version 12.00
Project("{FAE04EC0-301F-11D3-BF4B-00C04F79EFBC}") = "SkillTutor", "SkillTutor.csproj", "{3EA9E2E1-B27E-4437-A17A-8CE958BD8519}"
EndProject
Global
	GlobalSection(SolutionConfigurationPlatforms) = preSolution
		Debug|Any CPU = Debug|Any CPU
		Release|Any CPU = Release|Any CPU
	EndGlobalSection
	GlobalSection(ProjectConfigurationPlatforms) = postSolution
		{3EA9E2E1-B27E-4437-A17A-8CE958BD8519}.Debug|Any CPU.ActiveCfg = Debug|Any CPU
		{3EA9E2E1-B27E-4437-A17A-8CE958BD8519}.Debug|Any CPU.Build.0 = Debug|Any CPU
		{3EA9E2E1-B27E-4437-A17A-8CE958BD8519}.Release|Any CPU.ActiveCfg = Release|Any CPU
		{3EA9E2E1-B27E-4437-A17A-8CE958BD8519}.Release|Any CPU.Build.0 = Release|Any CPU
	EndGlobalSection
EndGlobal
